{
  "name": "OTBM2JSON",
  "lockfileVersion": 3,
  "requires": true,
  "packages": {
    "": {
      "dependencies": {
        "otbm2json": "^0.2.0"
      }
    },
    "node_modules/otbm2json": {
      "version": "0.2.0",
      "resolved": "https://registry.npmjs.org/otbm2json/-/otbm2json-0.2.0.tgz",
      "integrity": "sha512-jbD7gZmASqvZzUjoyv6RdtCALpKcaqi3w+ozZEDXZCJPVPpBN6TVYfuJIgCoQauGsx/AAReLyd1O9C/DPmuG0Q==",
      "license": "ISC"
    }
  }
}
